
Microsoft Visual Studio Solution File, Format Version 12.00
# Visual Studio Version 17
VisualStudioVersion = 17.12.35521.163
MinimumVisualStudioVersion = 10.0.40219.1
Project("{FAE04EC0-301F-11D3-BF4B-00C04F79EFBC}") = "Ders1", "Ders1\Ders1.csproj", "{40A6CAA1-DBAD-4C39-BD80-5FB773156FC1}"
EndProject
Project("{FAE04EC0-301F-11D3-BF4B-00C04F79EFBC}") = "Ders2", "Ders2\Ders2.csproj", "{2F5790D2-145B-4A33-8FBE-6AFF8A5F784E}"
EndProject
Project("{FAE04EC0-301F-11D3-BF4B-00C04F79EFBC}") = "Ders3", "Ders3\Ders3.csproj", "{5F95E8AB-52A9-4CA5-AFB1-5DDAA186CA03}"
EndProject
Project("{FAE04EC0-301F-11D3-BF4B-00C04F79EFBC}") = "Ders4", "Ders4\Ders4.csproj", "{08B205D0-CA3F-4543-A397-5CDCBAACFFD4}"
EndProject
Project("{FAE04EC0-301F-11D3-BF4B-00C04F79EFBC}") = "Ders5", "Ders5\Ders5.csproj", "{BD442EE8-5860-4CA6-8EC8-77CFA31F11BE}"
EndProject
Project("{FAE04EC0-301F-11D3-BF4B-00C04F79EFBC}") = "Ders6", "Ders6\Ders6.csproj", "{3579ADA3-5781-4EE4-87FE-74800C1DE20E}"
EndProject
Project("{FAE04EC0-301F-11D3-BF4B-00C04F79EFBC}") = "Ders7", "Ders7\Ders7.csproj", "{B1AA7E95-6204-4FDD-A97A-E1FB5622E19C}"
EndProject
Project("{FAE04EC0-301F-11D3-BF4B-00C04F79EFBC}") = "Ders7.1", "Ders7.1\Ders7.1.csproj", "{8FDB35FF-2652-48F7-B61B-CC9D6084CF55}"
EndProject
Project("{FAE04EC0-301F-11D3-BF4B-00C04F79EFBC}") = "Ders8", "Ders8\Ders8.csproj", "{A7BAF160-2528-4367-9556-35FD935EF043}"
EndProject
Project("{FAE04EC0-301F-11D3-BF4B-00C04F79EFBC}") = "Ders9", "Ders9\Ders9.csproj", "{C10D9BDC-E759-47C6-8807-F951761E6AE1}"
EndProject
Project("{FAE04EC0-301F-11D3-BF4B-00C04F79EFBC}") = "Ders10", "Ders10\Ders10.csproj", "{6BCD00F7-CD78-4315-A302-FB3A36CF0FF1}"
EndProject
Project("{FAE04EC0-301F-11D3-BF4B-00C04F79EFBC}") = "Ders11", "Ders11\Ders11.csproj", "{CEAF2F04-469D-4F35-B880-4D0D679B9639}"
EndProject
Project("{FAE04EC0-301F-11D3-BF4B-00C04F79EFBC}") = "Ders12", "Ders12\Ders12.csproj", "{3DF76F59-061E-4FEA-A605-9D238412FD48}"
EndProject
Project("{FAE04EC0-301F-11D3-BF4B-00C04F79EFBC}") = "Ders13", "Ders13\Ders13.csproj", "{E4E0E72E-3498-403C-8B92-88693219AF54}"
EndProject
Project("{FAE04EC0-301F-11D3-BF4B-00C04F79EFBC}") = "Ders14", "Ders14\Ders14.csproj", "{F8D24DC3-C796-4B0B-A339-6C95A75A4A1E}"
EndProject
Project("{FAE04EC0-301F-11D3-BF4B-00C04F79EFBC}") = "Ders14.1", "Ders14.1\Ders14.1.csproj", "{0372A501-EC1D-48E1-A911-EBE56EAA6859}"
EndProject
Project("{FAE04EC0-301F-11D3-BF4B-00C04F79EFBC}") = "Ders15", "Ders15\Ders15.csproj", "{B4A7EE6C-7E11-471E-9C1E-28FEDEC31B50}"
EndProject
Project("{FAE04EC0-301F-11D3-BF4B-00C04F79EFBC}") = "Ders16", "Ders16\Ders16.csproj", "{2F0BB020-4333-4083-9941-6CDCE7334E11}"
EndProject
Project("{FAE04EC0-301F-11D3-BF4B-00C04F79EFBC}") = "Ders17", "Ders17\Ders17.csproj", "{57DECEB5-0966-432A-9586-A29A9454B3BF}"
EndProject
Project("{FAE04EC0-301F-11D3-BF4B-00C04F79EFBC}") = "Ders18", "Ders18\Ders18.csproj", "{FBAF8F43-6121-4DA3-BB58-46DB1477E029}"
EndProject
Project("{FAE04EC0-301F-11D3-BF4B-00C04F79EFBC}") = "Ders19", "Ders19\Ders19.csproj", "{6980162F-4464-45F4-B43B-FC660D36DC96}"
EndProject
Project("{FAE04EC0-301F-11D3-BF4B-00C04F79EFBC}") = "Ders20", "Ders20\Ders20.csproj", "{956DB470-0565-4E0B-95AD-DC4217CDE114}"
EndProject
Project("{FAE04EC0-301F-11D3-BF4B-00C04F79EFBC}") = "Ders21", "Ders21\Ders21.csproj", "{6F12BCCB-31FB-49B4-B2E9-F53E92F8E7D2}"
EndProject
Project("{FAE04EC0-301F-11D3-BF4B-00C04F79EFBC}") = "Ders22", "Ders22\Ders22.csproj", "{4CDABA4A-3131-4BFB-B058-0F2930A47803}"
EndProject
Project("{FAE04EC0-301F-11D3-BF4B-00C04F79EFBC}") = "Ders23", "Ders23\Ders23.csproj", "{83E1227A-E6EA-4748-814C-AE34AE6FB27F}"
EndProject
Project("{FAE04EC0-301F-11D3-BF4B-00C04F79EFBC}") = "Ders24", "Ders24\Ders24.csproj", "{928D4617-3389-4437-BBAA-E9BE8CDC7DE3}"
EndProject
Project("{FAE04EC0-301F-11D3-BF4B-00C04F79EFBC}") = "Ders25", "Ders25\Ders25.csproj", "{3FD9CD97-8B7C-4F75-AAFC-3A792C2A0EF1}"
EndProject
Project("{FAE04EC0-301F-11D3-BF4B-00C04F79EFBC}") = "Ders26", "Ders26\Ders26.csproj", "{DCA75B36-51A8-4DD0-8B0E-C8CFAD45DF2E}"
EndProject
Project("{FAE04EC0-301F-11D3-BF4B-00C04F79EFBC}") = "Ders26.1", "Ders26.1\Ders26.1.csproj", "{91FFB5E2-04A9-4E9B-97D3-F9D0F0B8A622}"
EndProject
Project("{FAE04EC0-301F-11D3-BF4B-00C04F79EFBC}") = "Ders27", "Ders27\Ders27.csproj", "{75FE3A86-85C7-405E-B053-2175313FF0DD}"
EndProject
Project("{FAE04EC0-301F-11D3-BF4B-00C04F79EFBC}") = "Ders28", "Ders28\Ders28.csproj", "{440E216F-F26E-46EA-9B29-7BF77A130DE5}"
EndProject
Project("{FAE04EC0-301F-11D3-BF4B-00C04F79EFBC}") = "Ders29", "Ders29\Ders29.csproj", "{EAC7793C-79AF-4E7E-BEC2-196CBD564244}"
EndProject
Project("{FAE04EC0-301F-11D3-BF4B-00C04F79EFBC}") = "Ders30", "Ders30\Ders30.csproj", "{1FF2B05F-A7CB-4B30-AACE-ED9CE14FEE7B}"
EndProject
Project("{FAE04EC0-301F-11D3-BF4B-00C04F79EFBC}") = "Ders31", "Ders31\Ders31.csproj", "{182DE00C-DD97-4741-AE91-D6FAF57DA18C}"
EndProject
Project("{FAE04EC0-301F-11D3-BF4B-00C04F79EFBC}") = "Ders32", "Ders32\Ders32.csproj", "{E1F12185-86A0-45B5-94A8-2436DF430F7A}"
EndProject
Project("{FAE04EC0-301F-11D3-BF4B-00C04F79EFBC}") = "Ders33", "Ders33\Ders33.csproj", "{D2985B8B-5FDB-44F1-8EA7-D77025191E45}"
EndProject
Project("{FAE04EC0-301F-11D3-BF4B-00C04F79EFBC}") = "Ders34", "Ders34\Ders34.csproj", "{58F9BD26-467F-49A5-9A20-B2B3FAF6502A}"
EndProject
Project("{FAE04EC0-301F-11D3-BF4B-00C04F79EFBC}") = "Ders35", "Ders35\Ders35.csproj", "{213C6101-FC43-4A76-95D0-D6EAFA68412B}"
EndProject
Project("{FAE04EC0-301F-11D3-BF4B-00C04F79EFBC}") = "Ders36", "Ders36\Ders36.csproj", "{F59E92B8-BBF6-41BF-BD98-D0238ED67C2C}"
EndProject
Project("{FAE04EC0-301F-11D3-BF4B-00C04F79EFBC}") = "Ders37", "Ders37\Ders37.csproj", "{D7427502-A3AC-4A46-88CB-B9128E417308}"
EndProject
Project("{FAE04EC0-301F-11D3-BF4B-00C04F79EFBC}") = "Ders38", "Ders38\Ders38.csproj", "{B535EB48-2DE1-4EDD-8A1C-970D087C2700}"
EndProject
Project("{FAE04EC0-301F-11D3-BF4B-00C04F79EFBC}") = "Ders39", "Ders39\Ders39.csproj", "{9CE47F0D-18D1-478A-B733-471A7B4A7C24}"
EndProject
Project("{FAE04EC0-301F-11D3-BF4B-00C04F79EFBC}") = "Ders40", "Ders40\Ders40.csproj", "{E0417D20-15D5-4ABC-9FFC-A9ECA91E33E8}"
EndProject
Project("{FAE04EC0-301F-11D3-BF4B-00C04F79EFBC}") = "Ders41", "Ders41\Ders41.csproj", "{85B3CD9D-A0E5-40A9-B452-D11FC2C84AF4}"
EndProject
Project("{FAE04EC0-301F-11D3-BF4B-00C04F79EFBC}") = "Ders42", "Ders42\Ders42.csproj", "{4A2E5AD0-6C56-40A1-BC8C-3653755AE050}"
EndProject
Project("{FAE04EC0-301F-11D3-BF4B-00C04F79EFBC}") = "Ders43", "Ders43\Ders43.csproj", "{4499BC14-4CF9-4BC4-A79C-3145DE0C397B}"
EndProject
Project("{FAE04EC0-301F-11D3-BF4B-00C04F79EFBC}") = "Ders44", "Ders44\Ders44.csproj", "{443AFA7B-B91C-44F5-B5B7-25B69977AB9E}"
EndProject
Global
	GlobalSection(SolutionConfigurationPlatforms) = preSolution
		Debug|Any CPU = Debug|Any CPU
		Release|Any CPU = Release|Any CPU
	EndGlobalSection
	GlobalSection(ProjectConfigurationPlatforms) = postSolution
		{40A6CAA1-DBAD-4C39-BD80-5FB773156FC1}.Debug|Any CPU.ActiveCfg = Debug|Any CPU
		{40A6CAA1-DBAD-4C39-BD80-5FB773156FC1}.Debug|Any CPU.Build.0 = Debug|Any CPU
		{40A6CAA1-DBAD-4C39-BD80-5FB773156FC1}.Release|Any CPU.ActiveCfg = Release|Any CPU
		{40A6CAA1-DBAD-4C39-BD80-5FB773156FC1}.Release|Any CPU.Build.0 = Release|Any CPU
		{2F5790D2-145B-4A33-8FBE-6AFF8A5F784E}.Debug|Any CPU.ActiveCfg = Debug|Any CPU
		{2F5790D2-145B-4A33-8FBE-6AFF8A5F784E}.Debug|Any CPU.Build.0 = Debug|Any CPU
		{2F5790D2-145B-4A33-8FBE-6AFF8A5F784E}.Release|Any CPU.ActiveCfg = Release|Any CPU
		{2F5790D2-145B-4A33-8FBE-6AFF8A5F784E}.Release|Any CPU.Build.0 = Release|Any CPU
		{5F95E8AB-52A9-4CA5-AFB1-5DDAA186CA03}.Debug|Any CPU.ActiveCfg = Debug|Any CPU
		{5F95E8AB-52A9-4CA5-AFB1-5DDAA186CA03}.Debug|Any CPU.Build.0 = Debug|Any CPU
		{5F95E8AB-52A9-4CA5-AFB1-5DDAA186CA03}.Release|Any CPU.ActiveCfg = Release|Any CPU
		{5F95E8AB-52A9-4CA5-AFB1-5DDAA186CA03}.Release|Any CPU.Build.0 = Release|Any CPU
		{08B205D0-CA3F-4543-A397-5CDCBAACFFD4}.Debug|Any CPU.ActiveCfg = Debug|Any CPU
		{08B205D0-CA3F-4543-A397-5CDCBAACFFD4}.Debug|Any CPU.Build.0 = Debug|Any CPU
		{08B205D0-CA3F-4543-A397-5CDCBAACFFD4}.Release|Any CPU.ActiveCfg = Release|Any CPU
		{08B205D0-CA3F-4543-A397-5CDCBAACFFD4}.Release|Any CPU.Build.0 = Release|Any CPU
		{BD442EE8-5860-4CA6-8EC8-77CFA31F11BE}.Debug|Any CPU.ActiveCfg = Debug|Any CPU
		{BD442EE8-5860-4CA6-8EC8-77CFA31F11BE}.Debug|Any CPU.Build.0 = Debug|Any CPU
		{BD442EE8-5860-4CA6-8EC8-77CFA31F11BE}.Release|Any CPU.ActiveCfg = Release|Any CPU
		{BD442EE8-5860-4CA6-8EC8-77CFA31F11BE}.Release|Any CPU.Build.0 = Release|Any CPU
		{3579ADA3-5781-4EE4-87FE-74800C1DE20E}.Debug|Any CPU.ActiveCfg = Debug|Any CPU
		{3579ADA3-5781-4EE4-87FE-74800C1DE20E}.Debug|Any CPU.Build.0 = Debug|Any CPU
		{3579ADA3-5781-4EE4-87FE-74800C1DE20E}.Release|Any CPU.ActiveCfg = Release|Any CPU
		{3579ADA3-5781-4EE4-87FE-74800C1DE20E}.Release|Any CPU.Build.0 = Release|Any CPU
		{B1AA7E95-6204-4FDD-A97A-E1FB5622E19C}.Debug|Any CPU.ActiveCfg = Debug|Any CPU
		{B1AA7E95-6204-4FDD-A97A-E1FB5622E19C}.Debug|Any CPU.Build.0 = Debug|Any CPU
		{B1AA7E95-6204-4FDD-A97A-E1FB5622E19C}.Release|Any CPU.ActiveCfg = Release|Any CPU
		{B1AA7E95-6204-4FDD-A97A-E1FB5622E19C}.Release|Any CPU.Build.0 = Release|Any CPU
		{8FDB35FF-2652-48F7-B61B-CC9D6084CF55}.Debug|Any CPU.ActiveCfg = Debug|Any CPU
		{8FDB35FF-2652-48F7-B61B-CC9D6084CF55}.Debug|Any CPU.Build.0 = Debug|Any CPU
		{8FDB35FF-2652-48F7-B61B-CC9D6084CF55}.Release|Any CPU.ActiveCfg = Release|Any CPU
		{8FDB35FF-2652-48F7-B61B-CC9D6084CF55}.Release|Any CPU.Build.0 = Release|Any CPU
		{A7BAF160-2528-4367-9556-35FD935EF043}.Debug|Any CPU.ActiveCfg = Debug|Any CPU
		{A7BAF160-2528-4367-9556-35FD935EF043}.Debug|Any CPU.Build.0 = Debug|Any CPU
		{A7BAF160-2528-4367-9556-35FD935EF043}.Release|Any CPU.ActiveCfg = Release|Any CPU
		{A7BAF160-2528-4367-9556-35FD935EF043}.Release|Any CPU.Build.0 = Release|Any CPU
		{C10D9BDC-E759-47C6-8807-F951761E6AE1}.Debug|Any CPU.ActiveCfg = Debug|Any CPU
		{C10D9BDC-E759-47C6-8807-F951761E6AE1}.Debug|Any CPU.Build.0 = Debug|Any CPU
		{C10D9BDC-E759-47C6-8807-F951761E6AE1}.Release|Any CPU.ActiveCfg = Release|Any CPU
		{C10D9BDC-E759-47C6-8807-F951761E6AE1}.Release|Any CPU.Build.0 = Release|Any CPU
		{6BCD00F7-CD78-4315-A302-FB3A36CF0FF1}.Debug|Any CPU.ActiveCfg = Debug|Any CPU
		{6BCD00F7-CD78-4315-A302-FB3A36CF0FF1}.Debug|Any CPU.Build.0 = Debug|Any CPU
		{6BCD00F7-CD78-4315-A302-FB3A36CF0FF1}.Release|Any CPU.ActiveCfg = Release|Any CPU
		{6BCD00F7-CD78-4315-A302-FB3A36CF0FF1}.Release|Any CPU.Build.0 = Release|Any CPU
		{CEAF2F04-469D-4F35-B880-4D0D679B9639}.Debug|Any CPU.ActiveCfg = Debug|Any CPU
		{CEAF2F04-469D-4F35-B880-4D0D679B9639}.Debug|Any CPU.Build.0 = Debug|Any CPU
		{CEAF2F04-469D-4F35-B880-4D0D679B9639}.Release|Any CPU.ActiveCfg = Release|Any CPU
		{CEAF2F04-469D-4F35-B880-4D0D679B9639}.Release|Any CPU.Build.0 = Release|Any CPU
		{3DF76F59-061E-4FEA-A605-9D238412FD48}.Debug|Any CPU.ActiveCfg = Debug|Any CPU
		{3DF76F59-061E-4FEA-A605-9D238412FD48}.Debug|Any CPU.Build.0 = Debug|Any CPU
		{3DF76F59-061E-4FEA-A605-9D238412FD48}.Release|Any CPU.ActiveCfg = Release|Any CPU
		{3DF76F59-061E-4FEA-A605-9D238412FD48}.Release|Any CPU.Build.0 = Release|Any CPU
		{E4E0E72E-3498-403C-8B92-88693219AF54}.Debug|Any CPU.ActiveCfg = Debug|Any CPU
		{E4E0E72E-3498-403C-8B92-88693219AF54}.Debug|Any CPU.Build.0 = Debug|Any CPU
		{E4E0E72E-3498-403C-8B92-88693219AF54}.Release|Any CPU.ActiveCfg = Release|Any CPU
		{E4E0E72E-3498-403C-8B92-88693219AF54}.Release|Any CPU.Build.0 = Release|Any CPU
		{F8D24DC3-C796-4B0B-A339-6C95A75A4A1E}.Debug|Any CPU.ActiveCfg = Debug|Any CPU
		{F8D24DC3-C796-4B0B-A339-6C95A75A4A1E}.Debug|Any CPU.Build.0 = Debug|Any CPU
		{F8D24DC3-C796-4B0B-A339-6C95A75A4A1E}.Release|Any CPU.ActiveCfg = Release|Any CPU
		{F8D24DC3-C796-4B0B-A339-6C95A75A4A1E}.Release|Any CPU.Build.0 = Release|Any CPU
		{0372A501-EC1D-48E1-A911-EBE56EAA6859}.Debug|Any CPU.ActiveCfg = Debug|Any CPU
		{0372A501-EC1D-48E1-A911-EBE56EAA6859}.Debug|Any CPU.Build.0 = Debug|Any CPU
		{0372A501-EC1D-48E1-A911-EBE56EAA6859}.Release|Any CPU.ActiveCfg = Release|Any CPU
		{0372A501-EC1D-48E1-A911-EBE56EAA6859}.Release|Any CPU.Build.0 = Release|Any CPU
		{B4A7EE6C-7E11-471E-9C1E-28FEDEC31B50}.Debug|Any CPU.ActiveCfg = Debug|Any CPU
		{B4A7EE6C-7E11-471E-9C1E-28FEDEC31B50}.Debug|Any CPU.Build.0 = Debug|Any CPU
		{B4A7EE6C-7E11-471E-9C1E-28FEDEC31B50}.Release|Any CPU.ActiveCfg = Release|Any CPU
		{B4A7EE6C-7E11-471E-9C1E-28FEDEC31B50}.Release|Any CPU.Build.0 = Release|Any CPU
		{2F0BB020-4333-4083-9941-6CDCE7334E11}.Debug|Any CPU.ActiveCfg = Debug|Any CPU
		{2F0BB020-4333-4083-9941-6CDCE7334E11}.Debug|Any CPU.Build.0 = Debug|Any CPU
		{2F0BB020-4333-4083-9941-6CDCE7334E11}.Release|Any CPU.ActiveCfg = Release|Any CPU
		{2F0BB020-4333-4083-9941-6CDCE7334E11}.Release|Any CPU.Build.0 = Release|Any CPU
		{57DECEB5-0966-432A-9586-A29A9454B3BF}.Debug|Any CPU.ActiveCfg = Debug|Any CPU
		{57DECEB5-0966-432A-9586-A29A9454B3BF}.Debug|Any CPU.Build.0 = Debug|Any CPU
		{57DECEB5-0966-432A-9586-A29A9454B3BF}.Release|Any CPU.ActiveCfg = Release|Any CPU
		{57DECEB5-0966-432A-9586-A29A9454B3BF}.Release|Any CPU.Build.0 = Release|Any CPU
		{FBAF8F43-6121-4DA3-BB58-46DB1477E029}.Debug|Any CPU.ActiveCfg = Debug|Any CPU
		{FBAF8F43-6121-4DA3-BB58-46DB1477E029}.Debug|Any CPU.Build.0 = Debug|Any CPU
		{FBAF8F43-6121-4DA3-BB58-46DB1477E029}.Release|Any CPU.ActiveCfg = Release|Any CPU
		{FBAF8F43-6121-4DA3-BB58-46DB1477E029}.Release|Any CPU.Build.0 = Release|Any CPU
		{6980162F-4464-45F4-B43B-FC660D36DC96}.Debug|Any CPU.ActiveCfg = Debug|Any CPU
		{6980162F-4464-45F4-B43B-FC660D36DC96}.Debug|Any CPU.Build.0 = Debug|Any CPU
		{6980162F-4464-45F4-B43B-FC660D36DC96}.Release|Any CPU.ActiveCfg = Release|Any CPU
		{6980162F-4464-45F4-B43B-FC660D36DC96}.Release|Any CPU.Build.0 = Release|Any CPU
		{956DB470-0565-4E0B-95AD-DC4217CDE114}.Debug|Any CPU.ActiveCfg = Debug|Any CPU
		{956DB470-0565-4E0B-95AD-DC4217CDE114}.Debug|Any CPU.Build.0 = Debug|Any CPU
		{956DB470-0565-4E0B-95AD-DC4217CDE114}.Release|Any CPU.ActiveCfg = Release|Any CPU
		{956DB470-0565-4E0B-95AD-DC4217CDE114}.Release|Any CPU.Build.0 = Release|Any CPU
		{6F12BCCB-31FB-49B4-B2E9-F53E92F8E7D2}.Debug|Any CPU.ActiveCfg = Debug|Any CPU
		{6F12BCCB-31FB-49B4-B2E9-F53E92F8E7D2}.Debug|Any CPU.Build.0 = Debug|Any CPU
		{6F12BCCB-31FB-49B4-B2E9-F53E92F8E7D2}.Release|Any CPU.ActiveCfg = Release|Any CPU
		{6F12BCCB-31FB-49B4-B2E9-F53E92F8E7D2}.Release|Any CPU.Build.0 = Release|Any CPU
		{4CDABA4A-3131-4BFB-B058-0F2930A47803}.Debug|Any CPU.ActiveCfg = Debug|Any CPU
		{4CDABA4A-3131-4BFB-B058-0F2930A47803}.Debug|Any CPU.Build.0 = Debug|Any CPU
		{4CDABA4A-3131-4BFB-B058-0F2930A47803}.Release|Any CPU.ActiveCfg = Release|Any CPU
		{4CDABA4A-3131-4BFB-B058-0F2930A47803}.Release|Any CPU.Build.0 = Release|Any CPU
		{83E1227A-E6EA-4748-814C-AE34AE6FB27F}.Debug|Any CPU.ActiveCfg = Debug|Any CPU
		{83E1227A-E6EA-4748-814C-AE34AE6FB27F}.Debug|Any CPU.Build.0 = Debug|Any CPU
		{83E1227A-E6EA-4748-814C-AE34AE6FB27F}.Release|Any CPU.ActiveCfg = Release|Any CPU
		{83E1227A-E6EA-4748-814C-AE34AE6FB27F}.Release|Any CPU.Build.0 = Release|Any CPU
		{928D4617-3389-4437-BBAA-E9BE8CDC7DE3}.Debug|Any CPU.ActiveCfg = Debug|Any CPU
		{928D4617-3389-4437-BBAA-E9BE8CDC7DE3}.Debug|Any CPU.Build.0 = Debug|Any CPU
		{928D4617-3389-4437-BBAA-E9BE8CDC7DE3}.Release|Any CPU.ActiveCfg = Release|Any CPU
		{928D4617-3389-4437-BBAA-E9BE8CDC7DE3}.Release|Any CPU.Build.0 = Release|Any CPU
		{3FD9CD97-8B7C-4F75-AAFC-3A792C2A0EF1}.Debug|Any CPU.ActiveCfg = Debug|Any CPU
		{3FD9CD97-8B7C-4F75-AAFC-3A792C2A0EF1}.Debug|Any CPU.Build.0 = Debug|Any CPU
		{3FD9CD97-8B7C-4F75-AAFC-3A792C2A0EF1}.Release|Any CPU.ActiveCfg = Release|Any CPU
		{3FD9CD97-8B7C-4F75-AAFC-3A792C2A0EF1}.Release|Any CPU.Build.0 = Release|Any CPU
		{DCA75B36-51A8-4DD0-8B0E-C8CFAD45DF2E}.Debug|Any CPU.ActiveCfg = Debug|Any CPU
		{DCA75B36-51A8-4DD0-8B0E-C8CFAD45DF2E}.Debug|Any CPU.Build.0 = Debug|Any CPU
		{DCA75B36-51A8-4DD0-8B0E-C8CFAD45DF2E}.Release|Any CPU.ActiveCfg = Release|Any CPU
		{DCA75B36-51A8-4DD0-8B0E-C8CFAD45DF2E}.Release|Any CPU.Build.0 = Release|Any CPU
		{91FFB5E2-04A9-4E9B-97D3-F9D0F0B8A622}.Debug|Any CPU.ActiveCfg = Debug|Any CPU
		{91FFB5E2-04A9-4E9B-97D3-F9D0F0B8A622}.Debug|Any CPU.Build.0 = Debug|Any CPU
		{91FFB5E2-04A9-4E9B-97D3-F9D0F0B8A622}.Release|Any CPU.ActiveCfg = Release|Any CPU
		{91FFB5E2-04A9-4E9B-97D3-F9D0F0B8A622}.Release|Any CPU.Build.0 = Release|Any CPU
		{75FE3A86-85C7-405E-B053-2175313FF0DD}.Debug|Any CPU.ActiveCfg = Debug|Any CPU
		{75FE3A86-85C7-405E-B053-2175313FF0DD}.Debug|Any CPU.Build.0 = Debug|Any CPU
		{75FE3A86-85C7-405E-B053-2175313FF0DD}.Release|Any CPU.ActiveCfg = Release|Any CPU
		{75FE3A86-85C7-405E-B053-2175313FF0DD}.Release|Any CPU.Build.0 = Release|Any CPU
		{440E216F-F26E-46EA-9B29-7BF77A130DE5}.Debug|Any CPU.ActiveCfg = Debug|Any CPU
		{440E216F-F26E-46EA-9B29-7BF77A130DE5}.Debug|Any CPU.Build.0 = Debug|Any CPU
		{440E216F-F26E-46EA-9B29-7BF77A130DE5}.Release|Any CPU.ActiveCfg = Release|Any CPU
		{440E216F-F26E-46EA-9B29-7BF77A130DE5}.Release|Any CPU.Build.0 = Release|Any CPU
		{EAC7793C-79AF-4E7E-BEC2-196CBD564244}.Debug|Any CPU.ActiveCfg = Debug|Any CPU
		{EAC7793C-79AF-4E7E-BEC2-196CBD564244}.Debug|Any CPU.Build.0 = Debug|Any CPU
		{EAC7793C-79AF-4E7E-BEC2-196CBD564244}.Release|Any CPU.ActiveCfg = Release|Any CPU
		{EAC7793C-79AF-4E7E-BEC2-196CBD564244}.Release|Any CPU.Build.0 = Release|Any CPU
		{1FF2B05F-A7CB-4B30-AACE-ED9CE14FEE7B}.Debug|Any CPU.ActiveCfg = Debug|Any CPU
		{1FF2B05F-A7CB-4B30-AACE-ED9CE14FEE7B}.Debug|Any CPU.Build.0 = Debug|Any CPU
		{1FF2B05F-A7CB-4B30-AACE-ED9CE14FEE7B}.Release|Any CPU.ActiveCfg = Release|Any CPU
		{1FF2B05F-A7CB-4B30-AACE-ED9CE14FEE7B}.Release|Any CPU.Build.0 = Release|Any CPU
		{182DE00C-DD97-4741-AE91-D6FAF57DA18C}.Debug|Any CPU.ActiveCfg = Debug|Any CPU
		{182DE00C-DD97-4741-AE91-D6FAF57DA18C}.Debug|Any CPU.Build.0 = Debug|Any CPU
		{182DE00C-DD97-4741-AE91-D6FAF57DA18C}.Release|Any CPU.ActiveCfg = Release|Any CPU
		{182DE00C-DD97-4741-AE91-D6FAF57DA18C}.Release|Any CPU.Build.0 = Release|Any CPU
		{E1F12185-86A0-45B5-94A8-2436DF430F7A}.Debug|Any CPU.ActiveCfg = Debug|Any CPU
		{E1F12185-86A0-45B5-94A8-2436DF430F7A}.Debug|Any CPU.Build.0 = Debug|Any CPU
		{E1F12185-86A0-45B5-94A8-2436DF430F7A}.Release|Any CPU.ActiveCfg = Release|Any CPU
		{E1F12185-86A0-45B5-94A8-2436DF430F7A}.Release|Any CPU.Build.0 = Release|Any CPU
		{D2985B8B-5FDB-44F1-8EA7-D77025191E45}.Debug|Any CPU.ActiveCfg = Debug|Any CPU
		{D2985B8B-5FDB-44F1-8EA7-D77025191E45}.Debug|Any CPU.Build.0 = Debug|Any CPU
		{D2985B8B-5FDB-44F1-8EA7-D77025191E45}.Release|Any CPU.ActiveCfg = Release|Any CPU
		{D2985B8B-5FDB-44F1-8EA7-D77025191E45}.Release|Any CPU.Build.0 = Release|Any CPU
		{58F9BD26-467F-49A5-9A20-B2B3FAF6502A}.Debug|Any CPU.ActiveCfg = Debug|Any CPU
		{58F9BD26-467F-49A5-9A20-B2B3FAF6502A}.Debug|Any CPU.Build.0 = Debug|Any CPU
		{58F9BD26-467F-49A5-9A20-B2B3FAF6502A}.Release|Any CPU.ActiveCfg = Release|Any CPU
		{58F9BD26-467F-49A5-9A20-B2B3FAF6502A}.Release|Any CPU.Build.0 = Release|Any CPU
		{213C6101-FC43-4A76-95D0-D6EAFA68412B}.Debug|Any CPU.ActiveCfg = Debug|Any CPU
		{213C6101-FC43-4A76-95D0-D6EAFA68412B}.Debug|Any CPU.Build.0 = Debug|Any CPU
		{213C6101-FC43-4A76-95D0-D6EAFA68412B}.Release|Any CPU.ActiveCfg = Release|Any CPU
		{213C6101-FC43-4A76-95D0-D6EAFA68412B}.Release|Any CPU.Build.0 = Release|Any CPU
		{F59E92B8-BBF6-41BF-BD98-D0238ED67C2C}.Debug|Any CPU.ActiveCfg = Debug|Any CPU
		{F59E92B8-BBF6-41BF-BD98-D0238ED67C2C}.Debug|Any CPU.Build.0 = Debug|Any CPU
		{F59E92B8-BBF6-41BF-BD98-D0238ED67C2C}.Release|Any CPU.ActiveCfg = Release|Any CPU
		{F59E92B8-BBF6-41BF-BD98-D0238ED67C2C}.Release|Any CPU.Build.0 = Release|Any CPU
		{D7427502-A3AC-4A46-88CB-B9128E417308}.Debug|Any CPU.ActiveCfg = Debug|Any CPU
		{D7427502-A3AC-4A46-88CB-B9128E417308}.Debug|Any CPU.Build.0 = Debug|Any CPU
		{D7427502-A3AC-4A46-88CB-B9128E417308}.Release|Any CPU.ActiveCfg = Release|Any CPU
		{D7427502-A3AC-4A46-88CB-B9128E417308}.Release|Any CPU.Build.0 = Release|Any CPU
		{B535EB48-2DE1-4EDD-8A1C-970D087C2700}.Debug|Any CPU.ActiveCfg = Debug|Any CPU
		{B535EB48-2DE1-4EDD-8A1C-970D087C2700}.Debug|Any CPU.Build.0 = Debug|Any CPU
		{B535EB48-2DE1-4EDD-8A1C-970D087C2700}.Release|Any CPU.ActiveCfg = Release|Any CPU
		{B535EB48-2DE1-4EDD-8A1C-970D087C2700}.Release|Any CPU.Build.0 = Release|Any CPU
		{9CE47F0D-18D1-478A-B733-471A7B4A7C24}.Debug|Any CPU.ActiveCfg = Debug|Any CPU
		{9CE47F0D-18D1-478A-B733-471A7B4A7C24}.Debug|Any CPU.Build.0 = Debug|Any CPU
		{9CE47F0D-18D1-478A-B733-471A7B4A7C24}.Release|Any CPU.ActiveCfg = Release|Any CPU
		{9CE47F0D-18D1-478A-B733-471A7B4A7C24}.Release|Any CPU.Build.0 = Release|Any CPU
		{E0417D20-15D5-4ABC-9FFC-A9ECA91E33E8}.Debug|Any CPU.ActiveCfg = Debug|Any CPU
		{E0417D20-15D5-4ABC-9FFC-A9ECA91E33E8}.Debug|Any CPU.Build.0 = Debug|Any CPU
		{E0417D20-15D5-4ABC-9FFC-A9ECA91E33E8}.Release|Any CPU.ActiveCfg = Release|Any CPU
		{E0417D20-15D5-4ABC-9FFC-A9ECA91E33E8}.Release|Any CPU.Build.0 = Release|Any CPU
		{85B3CD9D-A0E5-40A9-B452-D11FC2C84AF4}.Debug|Any CPU.ActiveCfg = Debug|Any CPU
		{85B3CD9D-A0E5-40A9-B452-D11FC2C84AF4}.Debug|Any CPU.Build.0 = Debug|Any CPU
		{85B3CD9D-A0E5-40A9-B452-D11FC2C84AF4}.Release|Any CPU.ActiveCfg = Release|Any CPU
		{85B3CD9D-A0E5-40A9-B452-D11FC2C84AF4}.Release|Any CPU.Build.0 = Release|Any CPU
		{4A2E5AD0-6C56-40A1-BC8C-3653755AE050}.Debug|Any CPU.ActiveCfg = Debug|Any CPU
		{4A2E5AD0-6C56-40A1-BC8C-3653755AE050}.Debug|Any CPU.Build.0 = Debug|Any CPU
		{4A2E5AD0-6C56-40A1-BC8C-3653755AE050}.Release|Any CPU.ActiveCfg = Release|Any CPU
		{4A2E5AD0-6C56-40A1-BC8C-3653755AE050}.Release|Any CPU.Build.0 = Release|Any CPU
		{4499BC14-4CF9-4BC4-A79C-3145DE0C397B}.Debug|Any CPU.ActiveCfg = Debug|Any CPU
		{4499BC14-4CF9-4BC4-A79C-3145DE0C397B}.Debug|Any CPU.Build.0 = Debug|Any CPU
		{4499BC14-4CF9-4BC4-A79C-3145DE0C397B}.Release|Any CPU.ActiveCfg = Release|Any CPU
		{4499BC14-4CF9-4BC4-A79C-3145DE0C397B}.Release|Any CPU.Build.0 = Release|Any CPU
		{443AFA7B-B91C-44F5-B5B7-25B69977AB9E}.Debug|Any CPU.ActiveCfg = Debug|Any CPU
		{443AFA7B-B91C-44F5-B5B7-25B69977AB9E}.Debug|Any CPU.Build.0 = Debug|Any CPU
		{443AFA7B-B91C-44F5-B5B7-25B69977AB9E}.Release|Any CPU.ActiveCfg = Release|Any CPU
		{443AFA7B-B91C-44F5-B5B7-25B69977AB9E}.Release|Any CPU.Build.0 = Release|Any CPU
	EndGlobalSection
	GlobalSection(SolutionProperties) = preSolution
		HideSolutionNode = FALSE
	EndGlobalSection
EndGlobal
